
Microsoft Visual Studio Solution File, Format Version 12.00
# Visual Studio Version 17
VisualStudioVersion = 17.0.31903.59
MinimumVisualStudioVersion = 10.0.40219.1
Project("{2150E333-8FDC-42A3-9474-1A3956D46DE8}") = "src", "src", "{827E0CD3-B72D-47B6-A68D-7590B98EB39B}"
EndProject
Project("{FAE04EC0-301F-11D3-BF4B-00C04F79EFBC}") = "Akode.DocxGen.Core", "src\Akode.DocxGen.Core\Akode.DocxGen.Core.csproj", "{C5A0C117-18A0-4180-9D7E-868C3FBFA145}"
EndProject
Project("{FAE04EC0-301F-11D3-BF4B-00C04F79EFBC}") = "Akode.DocxGen.Docx", "src\Akode.DocxGen.Docx\Akode.DocxGen.Docx.csproj", "{D8824B3C-2373-4A0D-9EA0-7F2896072695}"
EndProject
Project("{FAE04EC0-301F-11D3-BF4B-00C04F79EFBC}") = "Akode.DocxGen.Cli", "src\Akode.DocxGen.Cli\Akode.DocxGen.Cli.csproj", "{6CAF8758-F522-483D-980D-1967B6420C22}"
EndProject
Project("{FAE04EC0-301F-11D3-BF4B-00C04F79EFBC}") = "Akode.DocxGen.Mcp", "src\Akode.DocxGen.Mcp\Akode.DocxGen.Mcp.csproj", "{3D6C2049-E3D7-46F9-A9C2-0BB7E7AF05CF}"
EndProject
Project("{2150E333-8FDC-42A3-9474-1A3956D46DE8}") = "tests", "tests", "{0AB3BF05-4346-4AA6-1389-037BE0695223}"
EndProject
Project("{FAE04EC0-301F-11D3-BF4B-00C04F79EFBC}") = "Akode.DocxGen.Core.Tests", "tests\Akode.DocxGen.Core.Tests\Akode.DocxGen.Core.Tests.csproj", "{8F81C4E4-5B16-4301-80F3-B4E3C3E3350F}"
EndProject
Project("{FAE04EC0-301F-11D3-BF4B-00C04F79EFBC}") = "Akode.DocxGen.Docx.Tests", "tests\Akode.DocxGen.Docx.Tests\Akode.DocxGen.Docx.Tests.csproj", "{3256BCC5-CE4B-4EBC-A9A7-ADD613F9EF8F}"
EndProject
Project("{FAE04EC0-301F-11D3-BF4B-00C04F79EFBC}") = "Akode.DocxGen.Cli.Tests", "tests\Akode.DocxGen.Cli.Tests\Akode.DocxGen.Cli.Tests.csproj", "{4A7D68BF-14BC-412F-B06E-61FF082ABDAF}"
EndProject
Project("{2150E333-8FDC-42A3-9474-1A3956D46DE8}") = "spike", "spike", "{D6EA9C13-5DDC-B6DF-E3F6-EC65D4C25D12}"
EndProject
Project("{FAE04EC0-301F-11D3-BF4B-00C04F79EFBC}") = "Akode.DocxGen.RendererSpike", "spike\Akode.DocxGen.RendererSpike\Akode.DocxGen.RendererSpike.csproj", "{8DE15ABA-947C-4453-B7A5-28D5C5446836}"
EndProject
Global
	GlobalSection(SolutionConfigurationPlatforms) = preSolution
		Debug|Any CPU = Debug|Any CPU
		Debug|x64 = Debug|x64
		Debug|x86 = Debug|x86
		Release|Any CPU = Release|Any CPU
		Release|x64 = Release|x64
		Release|x86 = Release|x86
	EndGlobalSection
	GlobalSection(ProjectConfigurationPlatforms) = postSolution
		{C5A0C117-18A0-4180-9D7E-868C3FBFA145}.Debug|Any CPU.ActiveCfg = Debug|Any CPU
		{C5A0C117-18A0-4180-9D7E-868C3FBFA145}.Debug|Any CPU.Build.0 = Debug|Any CPU
		{C5A0C117-18A0-4180-9D7E-868C3FBFA145}.Debug|x64.ActiveCfg = Debug|Any CPU
		{C5A0C117-18A0-4180-9D7E-868C3FBFA145}.Debug|x64.Build.0 = Debug|Any CPU
		{C5A0C117-18A0-4180-9D7E-868C3FBFA145}.Debug|x86.ActiveCfg = Debug|Any CPU
		{C5A0C117-18A0-4180-9D7E-868C3FBFA145}.Debug|x86.Build.0 = Debug|Any CPU
		{C5A0C117-18A0-4180-9D7E-868C3FBFA145}.Release|Any CPU.ActiveCfg = Release|Any CPU
		{C5A0C117-18A0-4180-9D7E-868C3FBFA145}.Release|Any CPU.Build.0 = Release|Any CPU
		{C5A0C117-18A0-4180-9D7E-868C3FBFA145}.Release|x64.ActiveCfg = Release|Any CPU
		{C5A0C117-18A0-4180-9D7E-868C3FBFA145}.Release|x64.Build.0 = Release|Any CPU
		{C5A0C117-18A0-4180-9D7E-868C3FBFA145}.Release|x86.ActiveCfg = Release|Any CPU
		{C5A0C117-18A0-4180-9D7E-868C3FBFA145}.Release|x86.Build.0 = Release|Any CPU
		{D8824B3C-2373-4A0D-9EA0-7F2896072695}.Debug|Any CPU.ActiveCfg = Debug|Any CPU
		{D8824B3C-2373-4A0D-9EA0-7F2896072695}.Debug|Any CPU.Build.0 = Debug|Any CPU
		{D8824B3C-2373-4A0D-9EA0-7F2896072695}.Debug|x64.ActiveCfg = Debug|Any CPU
		{D8824B3C-2373-4A0D-9EA0-7F2896072695}.Debug|x64.Build.0 = Debug|Any CPU
		{D8824B3C-2373-4A0D-9EA0-7F2896072695}.Debug|x86.ActiveCfg = Debug|Any CPU
		{D8824B3C-2373-4A0D-9EA0-7F2896072695}.Debug|x86.Build.0 = Debug|Any CPU
		{D8824B3C-2373-4A0D-9EA0-7F2896072695}.Release|Any CPU.ActiveCfg = Release|Any CPU
		{D8824B3C-2373-4A0D-9EA0-7F2896072695}.Release|Any CPU.Build.0 = Release|Any CPU
		{D8824B3C-2373-4A0D-9EA0-7F2896072695}.Release|x64.ActiveCfg = Release|Any CPU
		{D8824B3C-2373-4A0D-9EA0-7F2896072695}.Release|x64.Build.0 = Release|Any CPU
		{D8824B3C-2373-4A0D-9EA0-7F2896072695}.Release|x86.ActiveCfg = Release|Any CPU
		{D8824B3C-2373-4A0D-9EA0-7F2896072695}.Release|x86.Build.0 = Release|Any CPU
		{6CAF8758-F522-483D-980D-1967B6420C22}.Debug|Any CPU.ActiveCfg = Debug|Any CPU
		{6CAF8758-F522-483D-980D-1967B6420C22}.Debug|Any CPU.Build.0 = Debug|Any CPU
		{6CAF8758-F522-483D-980D-1967B6420C22}.Debug|x64.ActiveCfg = Debug|Any CPU
		{6CAF8758-F522-483D-980D-1967B6420C22}.Debug|x64.Build.0 = Debug|Any CPU
		{6CAF8758-F522-483D-980D-1967B6420C22}.Debug|x86.ActiveCfg = Debug|Any CPU
		{6CAF8758-F522-483D-980D-1967B6420C22}.Debug|x86.Build.0 = Debug|Any CPU
		{6CAF8758-F522-483D-980D-1967B6420C22}.Release|Any CPU.ActiveCfg = Release|Any CPU
		{6CAF8758-F522-483D-980D-1967B6420C22}.Release|Any CPU.Build.0 = Release|Any CPU
		{6CAF8758-F522-483D-980D-1967B6420C22}.Release|x64.ActiveCfg = Release|Any CPU
		{6CAF8758-F522-483D-980D-1967B6420C22}.Release|x64.Build.0 = Release|Any CPU
		{6CAF8758-F522-483D-980D-1967B6420C22}.Release|x86.ActiveCfg = Release|Any CPU
		{6CAF8758-F522-483D-980D-1967B6420C22}.Release|x86.Build.0 = Release|Any CPU
		{3D6C2049-E3D7-46F9-A9C2-0BB7E7AF05CF}.Debug|Any CPU.ActiveCfg = Debug|Any CPU
		{3D6C2049-E3D7-46F9-A9C2-0BB7E7AF05CF}.Debug|Any CPU.Build.0 = Debug|Any CPU
		{3D6C2049-E3D7-46F9-A9C2-0BB7E7AF05CF}.Debug|x64.ActiveCfg = Debug|Any CPU
		{3D6C2049-E3D7-46F9-A9C2-0BB7E7AF05CF}.Debug|x64.Build.0 = Debug|Any CPU
		{3D6C2049-E3D7-46F9-A9C2-0BB7E7AF05CF}.Debug|x86.ActiveCfg = Debug|Any CPU
		{3D6C2049-E3D7-46F9-A9C2-0BB7E7AF05CF}.Debug|x86.Build.0 = Debug|Any CPU
		{3D6C2049-E3D7-46F9-A9C2-0BB7E7AF05CF}.Release|Any CPU.ActiveCfg = Release|Any CPU
		{3D6C2049-E3D7-46F9-A9C2-0BB7E7AF05CF}.Release|Any CPU.Build.0 = Release|Any CPU
		{3D6C2049-E3D7-46F9-A9C2-0BB7E7AF05CF}.Release|x64.ActiveCfg = Release|Any CPU
		{3D6C2049-E3D7-46F9-A9C2-0BB7E7AF05CF}.Release|x64.Build.0 = Release|Any CPU
		{3D6C2049-E3D7-46F9-A9C2-0BB7E7AF05CF}.Release|x86.ActiveCfg = Release|Any CPU
		{3D6C2049-E3D7-46F9-A9C2-0BB7E7AF05CF}.Release|x86.Build.0 = Release|Any CPU
		{8F81C4E4-5B16-4301-80F3-B4E3C3E3350F}.Debug|Any CPU.ActiveCfg = Debug|Any CPU
		{8F81C4E4-5B16-4301-80F3-B4E3C3E3350F}.Debug|Any CPU.Build.0 = Debug|Any CPU
		{8F81C4E4-5B16-4301-80F3-B4E3C3E3350F}.Debug|x64.ActiveCfg = Debug|Any CPU
		{8F81C4E4-5B16-4301-80F3-B4E3C3E3350F}.Debug|x64.Build.0 = Debug|Any CPU
		{8F81C4E4-5B16-4301-80F3-B4E3C3E3350F}.Debug|x86.ActiveCfg = Debug|Any CPU
		{8F81C4E4-5B16-4301-80F3-B4E3C3E3350F}.Debug|x86.Build.0 = Debug|Any CPU
		{8F81C4E4-5B16-4301-80F3-B4E3C3E3350F}.Release|Any CPU.ActiveCfg = Release|Any CPU
		{8F81C4E4-5B16-4301-80F3-B4E3C3E3350F}.Release|Any CPU.Build.0 = Release|Any CPU
		{8F81C4E4-5B16-4301-80F3-B4E3C3E3350F}.Release|x64.ActiveCfg = Release|Any CPU
		{8F81C4E4-5B16-4301-80F3-B4E3C3E3350F}.Release|x64.Build.0 = Release|Any CPU
		{8F81C4E4-5B16-4301-80F3-B4E3C3E3350F}.Release|x86.ActiveCfg = Release|Any CPU
		{8F81C4E4-5B16-4301-80F3-B4E3C3E3350F}.Release|x86.Build.0 = Release|Any CPU
		{3256BCC5-CE4B-4EBC-A9A7-ADD613F9EF8F}.Debug|Any CPU.ActiveCfg = Debug|Any CPU
		{3256BCC5-CE4B-4EBC-A9A7-ADD613F9EF8F}.Debug|Any CPU.Build.0 = Debug|Any CPU
		{3256BCC5-CE4B-4EBC-A9A7-ADD613F9EF8F}.Debug|x64.ActiveCfg = Debug|Any CPU
		{3256BCC5-CE4B-4EBC-A9A7-ADD613F9EF8F}.Debug|x64.Build.0 = Debug|Any CPU
		{3256BCC5-CE4B-4EBC-A9A7-ADD613F9EF8F}.Debug|x86.ActiveCfg = Debug|Any CPU
		{3256BCC5-CE4B-4EBC-A9A7-ADD613F9EF8F}.Debug|x86.Build.0 = Debug|Any CPU
		{3256BCC5-CE4B-4EBC-A9A7-ADD613F9EF8F}.Release|Any CPU.ActiveCfg = Release|Any CPU
		{3256BCC5-CE4B-4EBC-A9A7-ADD613F9EF8F}.Release|Any CPU.Build.0 = Release|Any CPU
		{3256BCC5-CE4B-4EBC-A9A7-ADD613F9EF8F}.Release|x64.ActiveCfg = Release|Any CPU
		{3256BCC5-CE4B-4EBC-A9A7-ADD613F9EF8F}.Release|x64.Build.0 = Release|Any CPU
		{3256BCC5-CE4B-4EBC-A9A7-ADD613F9EF8F}.Release|x86.ActiveCfg = Release|Any CPU
		{3256BCC5-CE4B-4EBC-A9A7-ADD613F9EF8F}.Release|x86.Build.0 = Release|Any CPU
		{4A7D68BF-14BC-412F-B06E-61FF082ABDAF}.Debug|Any CPU.ActiveCfg = Debug|Any CPU
		{4A7D68BF-14BC-412F-B06E-61FF082ABDAF}.Debug|Any CPU.Build.0 = Debug|Any CPU
		{4A7D68BF-14BC-412F-B06E-61FF082ABDAF}.Debug|x64.ActiveCfg = Debug|Any CPU
		{4A7D68BF-14BC-412F-B06E-61FF082ABDAF}.Debug|x64.Build.0 = Debug|Any CPU
		{4A7D68BF-14BC-412F-B06E-61FF082ABDAF}.Debug|x86.ActiveCfg = Debug|Any CPU
		{4A7D68BF-14BC-412F-B06E-61FF082ABDAF}.Debug|x86.Build.0 = Debug|Any CPU
		{4A7D68BF-14BC-412F-B06E-61FF082ABDAF}.Release|Any CPU.ActiveCfg = Release|Any CPU
		{4A7D68BF-14BC-412F-B06E-61FF082ABDAF}.Release|Any CPU.Build.0 = Release|Any CPU
		{4A7D68BF-14BC-412F-B06E-61FF082ABDAF}.Release|x64.ActiveCfg = Release|Any CPU
		{4A7D68BF-14BC-412F-B06E-61FF082ABDAF}.Release|x64.Build.0 = Release|Any CPU
		{4A7D68BF-14BC-412F-B06E-61FF082ABDAF}.Release|x86.ActiveCfg = Release|Any CPU
		{4A7D68BF-14BC-412F-B06E-61FF082ABDAF}.Release|x86.Build.0 = Release|Any CPU
		{8DE15ABA-947C-4453-B7A5-28D5C5446836}.Debug|Any CPU.ActiveCfg = Debug|Any CPU
		{8DE15ABA-947C-4453-B7A5-28D5C5446836}.Debug|Any CPU.Build.0 = Debug|Any CPU
		{8DE15ABA-947C-4453-B7A5-28D5C5446836}.Debug|x64.ActiveCfg = Debug|Any CPU
		{8DE15ABA-947C-4453-B7A5-28D5C5446836}.Debug|x64.Build.0 = Debug|Any CPU
		{8DE15ABA-947C-4453-B7A5-28D5C5446836}.Debug|x86.ActiveCfg = Debug|Any CPU
		{8DE15ABA-947C-4453-B7A5-28D5C5446836}.Debug|x86.Build.0 = Debug|Any CPU
		{8DE15ABA-947C-4453-B7A5-28D5C5446836}.Release|Any CPU.ActiveCfg = Release|Any CPU
		{8DE15ABA-947C-4453-B7A5-28D5C5446836}.Release|Any CPU.Build.0 = Release|Any CPU
		{8DE15ABA-947C-4453-B7A5-28D5C5446836}.Release|x64.ActiveCfg = Release|Any CPU
		{8DE15ABA-947C-4453-B7A5-28D5C5446836}.Release|x64.Build.0 = Release|Any CPU
		{8DE15ABA-947C-4453-B7A5-28D5C5446836}.Release|x86.ActiveCfg = Release|Any CPU
		{8DE15ABA-947C-4453-B7A5-28D5C5446836}.Release|x86.Build.0 = Release|Any CPU
	EndGlobalSection
	GlobalSection(SolutionProperties) = preSolution
		HideSolutionNode = FALSE
	EndGlobalSection
	GlobalSection(NestedProjects) = preSolution
		{C5A0C117-18A0-4180-9D7E-868C3FBFA145} = {827E0CD3-B72D-47B6-A68D-7590B98EB39B}
		{D8824B3C-2373-4A0D-9EA0-7F2896072695} = {827E0CD3-B72D-47B6-A68D-7590B98EB39B}
		{6CAF8758-F522-483D-980D-1967B6420C22} = {827E0CD3-B72D-47B6-A68D-7590B98EB39B}
		{3D6C2049-E3D7-46F9-A9C2-0BB7E7AF05CF} = {827E0CD3-B72D-47B6-A68D-7590B98EB39B}
		{8F81C4E4-5B16-4301-80F3-B4E3C3E3350F} = {0AB3BF05-4346-4AA6-1389-037BE0695223}
		{3256BCC5-CE4B-4EBC-A9A7-ADD613F9EF8F} = {0AB3BF05-4346-4AA6-1389-037BE0695223}
		{4A7D68BF-14BC-412F-B06E-61FF082ABDAF} = {0AB3BF05-4346-4AA6-1389-037BE0695223}
		{8DE15ABA-947C-4453-B7A5-28D5C5446836} = {D6EA9C13-5DDC-B6DF-E3F6-EC65D4C25D12}
	EndGlobalSection
EndGlobal
